<?xml version="1.0" encoding="utf-8"?>
<Project ToolsVersion="4.0" xmlns="http://schemas.microsoft.com/developer/msbuild/2003">
  <ItemGroup>
    <Filter Include="Source">
      <UniqueIdentifier>{d94cecf4-0000-45e0-b2fb-318660222fc4}</UniqueIdentifier>
    </Filter>
    <Filter Include="Resource">
      <UniqueIdentifier>{6de7be6c-4623-4686-b526-f2be892b17f6}</UniqueIdentifier>
    </Filter>
  </ItemGroup>
  <ItemGroup>
    <ClCompile Include="Source\main.cpp">
      <Filter>Source</Filter>
    </ClCompile>
  </ItemGroup>
  <ItemGroup>
    <FxCompile Include="Resource\BasicPixelShader.hlsl">
      <Filter>Resource</Filter>
    </FxCompile>
    <FxCompile Include="Resource\BasicVertexShader.hlsl">
      <Filter>Resource</Filter>
    </FxCompile>
  </ItemGroup>
  <ItemGroup>
    <None Include="Resource\BasicShaderHeader.hlsli">
      <Filter>Resource</Filter>
    </None>
  </ItemGroup>
  <ItemGroup>
    <ClInclude Include="Source\Utility.h">
      <Filter>Source</Filter>
    </ClInclude>
  </ItemGroup>
</Project>